lockfileVersion: '6.0'

settings:
  autoInstallPeers: true
  excludeLinksFromLockfile: false

dependencies:
  '@headlessui/react':
    specifier: ^2.2.0
    version: 2.2.0(react-dom@19.0.0)(react@19.0.0)
  '@heroicons/react':
    specifier: ^2.2.0
    version: 2.2.0(react@19.0.0)
  framer-motion:
    specifier: ^11.13.1
    version: 11.13.1(react-dom@19.0.0)(react@19.0.0)

devDependencies:
  '@types/node':
    specifier: ^20.0.0
    version: 20.17.9
  prettier:
    specifier: ^3.0.0
    version: 3.4.2
  turbo:
    specifier: latest
    version: 2.3.3
  typescript:
    specifier: ^5.0.0
    version: 5.7.2

packages:

  /@floating-ui/core@1.6.8:
    resolution: {integrity: sha512-7XJ9cPU+yI2QeLS+FCSlqNFZJq8arvswefkZrYI1yQBbftw6FyrZOxYSh+9S7z7TpeWlRt9zJ5IhM1WIL334jA==}
    dependencies:
      '@floating-ui/utils': 0.2.8
    dev: false

  /@floating-ui/dom@1.6.12:
    resolution: {integrity: sha512-NP83c0HjokcGVEMeoStg317VD9W7eDlGK7457dMBANbKA6GJZdc7rjujdgqzTaz93jkGgc5P/jeWbaCHnMNc+w==}
    dependencies:
      '@floating-ui/core': 1.6.8
      '@floating-ui/utils': 0.2.8
    dev: false

  /@floating-ui/react-dom@2.1.2(react-dom@19.0.0)(react@19.0.0):
    resolution: {integrity: sha512-06okr5cgPzMNBy+Ycse2A6udMi4bqwW/zgBF/rwjcNqWkyr82Mcg8b0vjX8OJpZFy/FKjJmw6wV7t44kK6kW7A==}
    peerDependencies:
      react: '>=16.8.0'
      react-dom: '>=16.8.0'
    dependencies:
      '@floating-ui/dom': 1.6.12
      react: 19.0.0
      react-dom: 19.0.0(react@19.0.0)
    dev: false

  /@floating-ui/react@0.26.28(react-dom@19.0.0)(react@19.0.0):
    resolution: {integrity: sha512-yORQuuAtVpiRjpMhdc0wJj06b9JFjrYF4qp96j++v2NBpbi6SEGF7donUJ3TMieerQ6qVkAv1tgr7L4r5roTqw==}
    peerDependencies:
      react: '>=16.8.0'
      react-dom: '>=16.8.0'
    dependencies:
      '@floating-ui/react-dom': 2.1.2(react-dom@19.0.0)(react@19.0.0)
      '@floating-ui/utils': 0.2.8
      react: 19.0.0
      react-dom: 19.0.0(react@19.0.0)
      tabbable: 6.2.0
    dev: false

  /@floating-ui/utils@0.2.8:
    resolution: {integrity: sha512-kym7SodPp8/wloecOpcmSnWJsK7M0E5Wg8UcFA+uO4B9s5d0ywXOEro/8HM9x0rW+TljRzul/14UYz3TleT3ig==}
    dev: false

  /@headlessui/react@2.2.0(react-dom@19.0.0)(react@19.0.0):
    resolution: {integrity: sha512-RzCEg+LXsuI7mHiSomsu/gBJSjpupm6A1qIZ5sWjd7JhARNlMiSA4kKfJpCKwU9tE+zMRterhhrP74PvfJrpXQ==}
    engines: {node: '>=10'}
    peerDependencies:
      react: ^18 || ^19 || ^19.0.0-rc
      react-dom: ^18 || ^19 || ^19.0.0-rc
    dependencies:
      '@floating-ui/react': 0.26.28(react-dom@19.0.0)(react@19.0.0)
      '@react-aria/focus': 3.19.0(react@19.0.0)
      '@react-aria/interactions': 3.22.5(react@19.0.0)
      '@tanstack/react-virtual': 3.11.0(react-dom@19.0.0)(react@19.0.0)
      react: 19.0.0
      react-dom: 19.0.0(react@19.0.0)
    dev: false

  /@heroicons/react@2.2.0(react@19.0.0):
    resolution: {integrity: sha512-LMcepvRaS9LYHJGsF0zzmgKCUim/X3N/DQKc4jepAXJ7l8QxJ1PmxJzqplF2Z3FE4PqBAIGyJAQ/w4B5dsqbtQ==}
    peerDependencies:
      react: '>= 16 || ^19.0.0-rc'
    dependencies:
      react: 19.0.0
    dev: false

  /@react-aria/focus@3.19.0(react@19.0.0):
    resolution: {integrity: sha512-hPF9EXoUQeQl1Y21/rbV2H4FdUR2v+4/I0/vB+8U3bT1CJ+1AFj1hc/rqx2DqEwDlEwOHN+E4+mRahQmlybq0A==}
    peerDependencies:
      react: ^16.8.0 || ^17.0.0-rc.1 || ^18.0.0 || ^19.0.0-rc.1
    dependencies:
      '@react-aria/interactions': 3.22.5(react@19.0.0)
      '@react-aria/utils': 3.26.0(react@19.0.0)
      '@react-types/shared': 3.26.0(react@19.0.0)
      '@swc/helpers': 0.5.15
      clsx: 2.1.1
      react: 19.0.0
    dev: false

  /@react-aria/interactions@3.22.5(react@19.0.0):
    resolution: {integrity: sha512-kMwiAD9E0TQp+XNnOs13yVJghiy8ET8L0cbkeuTgNI96sOAp/63EJ1FSrDf17iD8sdjt41LafwX/dKXW9nCcLQ==}
    peerDependencies:
      react: ^16.8.0 || ^17.0.0-rc.1 || ^18.0.0 || ^19.0.0-rc.1
    dependencies:
      '@react-aria/ssr': 3.9.7(react@19.0.0)
      '@react-aria/utils': 3.26.0(react@19.0.0)
      '@react-types/shared': 3.26.0(react@19.0.0)
      '@swc/helpers': 0.5.15
      react: 19.0.0
    dev: false

  /@react-aria/ssr@3.9.7(react@19.0.0):
    resolution: {integrity: sha512-GQygZaGlmYjmYM+tiNBA5C6acmiDWF52Nqd40bBp0Znk4M4hP+LTmI0lpI1BuKMw45T8RIhrAsICIfKwZvi2Gg==}
    engines: {node: '>= 12'}
    peerDependencies:
      react: ^16.8.0 || ^17.0.0-rc.1 || ^18.0.0 || ^19.0.0-rc.1
    dependencies:
      '@swc/helpers': 0.5.15
      react: 19.0.0
    dev: false

  /@react-aria/utils@3.26.0(react@19.0.0):
    resolution: {integrity: sha512-LkZouGSjjQ0rEqo4XJosS4L3YC/zzQkfRM3KoqK6fUOmUJ9t0jQ09WjiF+uOoG9u+p30AVg3TrZRUWmoTS+koQ==}
    peerDependencies:
      react: ^16.8.0 || ^17.0.0-rc.1 || ^18.0.0 || ^19.0.0-rc.1
    dependencies:
      '@react-aria/ssr': 3.9.7(react@19.0.0)
      '@react-stately/utils': 3.10.5(react@19.0.0)
      '@react-types/shared': 3.26.0(react@19.0.0)
      '@swc/helpers': 0.5.15
      clsx: 2.1.1
      react: 19.0.0
    dev: false

  /@react-stately/utils@3.10.5(react@19.0.0):
    resolution: {integrity: sha512-iMQSGcpaecghDIh3mZEpZfoFH3ExBwTtuBEcvZ2XnGzCgQjeYXcMdIUwAfVQLXFTdHUHGF6Gu6/dFrYsCzySBQ==}
    peerDependencies:
      react: ^16.8.0 || ^17.0.0-rc.1 || ^18.0.0 || ^19.0.0-rc.1
    dependencies:
      '@swc/helpers': 0.5.15
      react: 19.0.0
    dev: false

  /@react-types/shared@3.26.0(react@19.0.0):
    resolution: {integrity: sha512-6FuPqvhmjjlpEDLTiYx29IJCbCNWPlsyO+ZUmCUXzhUv2ttShOXfw8CmeHWHftT/b2KweAWuzqSlfeXPR76jpw==}
    peerDependencies:
      react: ^16.8.0 || ^17.0.0-rc.1 || ^18.0.0 || ^19.0.0-rc.1
    dependencies:
      react: 19.0.0
    dev: false

  /@swc/helpers@0.5.15:
    resolution: {integrity: sha512-JQ5TuMi45Owi4/BIMAJBoSQoOJu12oOk/gADqlcUL9JEdHB8vyjUSsxqeNXnmXHjYKMi2WcYtezGEEhqUI/E2g==}
    dependencies:
      tslib: 2.8.1
    dev: false

  /@tanstack/react-virtual@3.11.0(react-dom@19.0.0)(react@19.0.0):
    resolution: {integrity: sha512-liRl34SrQm54NZdf22d/H4a7GucPNCxBSJdWWZlUrF1E1oXcZ3/GfRRHFDUJXwEuTfjtyp0X6NnUK7bhIuDzoQ==}
    peerDependencies:
      react: ^16.8.0 || ^17.0.0 || ^18.0.0 || ^19.0.0
      react-dom: ^16.8.0 || ^17.0.0 || ^18.0.0 || ^19.0.0
    dependencies:
      '@tanstack/virtual-core': 3.10.9
      react: 19.0.0
      react-dom: 19.0.0(react@19.0.0)
    dev: false

  /@tanstack/virtual-core@3.10.9:
    resolution: {integrity: sha512-kBknKOKzmeR7lN+vSadaKWXaLS0SZZG+oqpQ/k80Q6g9REn6zRHS/ZYdrIzHnpHgy/eWs00SujveUN/GJT2qTw==}
    dev: false

  /@types/node@20.17.9:
    resolution: {integrity: sha512-0JOXkRyLanfGPE2QRCwgxhzlBAvaRdCNMcvbd7jFfpmD4eEXll7LRwy5ymJmyeZqk7Nh7eD2LeUyQ68BbndmXw==}
    dependencies:
      undici-types: 6.19.8
    dev: true

  /clsx@2.1.1:
    resolution: {integrity: sha512-eYm0QWBtUrBWZWG0d386OGAw16Z995PiOVo2B7bjWSbHedGl5e0ZWaq65kOGgUSNesEIDkB9ISbTg/JK9dhCZA==}
    engines: {node: '>=6'}
    dev: false

  /framer-motion@11.13.1(react-dom@19.0.0)(react@19.0.0):
    resolution: {integrity: sha512-F40tpGTHByhn9h3zdBQPcEro+pSLtzARcocbNqAyfBI+u9S+KZuHH/7O9+z+GEkoF3eqFxfvVw0eBDytohwqmQ==}
    peerDependencies:
      '@emotion/is-prop-valid': '*'
      react: ^18.0.0
      react-dom: ^18.0.0
    peerDependenciesMeta:
      '@emotion/is-prop-valid':
        optional: true
      react:
        optional: true
      react-dom:
        optional: true
    dependencies:
      motion-dom: 11.13.0
      motion-utils: 11.13.0
      react: 19.0.0
      react-dom: 19.0.0(react@19.0.0)
      tslib: 2.8.1
    dev: false

  /motion-dom@11.13.0:
    resolution: {integrity: sha512-Oc1MLGJQ6nrvXccXA89lXtOqFyBmvHtaDcTRGT66o8Czl7nuA8BeHAd9MQV1pQKX0d2RHFBFaw5g3k23hQJt0w==}
    dev: false

  /motion-utils@11.13.0:
    resolution: {integrity: sha512-lq6TzXkH5c/ysJQBxgLXgM01qwBH1b4goTPh57VvZWJbVJZF/0SB31UWEn4EIqbVPf3au88n2rvK17SpDTja1A==}
    dev: false

  /prettier@3.4.2:
    resolution: {integrity: sha512-e9MewbtFo+Fevyuxn/4rrcDAaq0IYxPGLvObpQjiZBMAzB9IGmzlnG9RZy3FFas+eBMu2vA0CszMeduow5dIuQ==}
    engines: {node: '>=14'}
    hasBin: true
    dev: true

  /react-dom@19.0.0(react@19.0.0):
    resolution: {integrity: sha512-4GV5sHFG0e/0AD4X+ySy6UJd3jVl1iNsNHdpad0qhABJ11twS3TTBnseqsKurKcsNqCEFeGL3uLpVChpIO3QfQ==}
    peerDependencies:
      react: ^19.0.0
    dependencies:
      react: 19.0.0
      scheduler: 0.25.0
    dev: false

  /react@19.0.0:
    resolution: {integrity: sha512-V8AVnmPIICiWpGfm6GLzCR/W5FXLchHop40W4nXBmdlEceh16rCN8O8LNWm5bh5XUX91fh7KpA+W0TgMKmgTpQ==}
    engines: {node: '>=0.10.0'}
    dev: false

  /scheduler@0.25.0:
    resolution: {integrity: sha512-xFVuu11jh+xcO7JOAGJNOXld8/TcEHK/4CituBUeUb5hqxJLj9YuemAEuvm9gQ/+pgXYfbQuqAkiYu+u7YEsNA==}
    dev: false

  /tabbable@6.2.0:
    resolution: {integrity: sha512-Cat63mxsVJlzYvN51JmVXIgNoUokrIaT2zLclCXjRd8boZ0004U4KCs/sToJ75C6sdlByWxpYnb5Boif1VSFew==}
    dev: false

  /tslib@2.8.1:
    resolution: {integrity: sha512-oJFu94HQb+KVduSUQL7wnpmqnfmLsOA/nAh6b6EH0wCEoK0/mPeXU6c3wKDV83MkOuHPRHtSXKKU99IBazS/2w==}
    dev: false

  /turbo-darwin-64@2.3.3:
    resolution: {integrity: sha512-bxX82xe6du/3rPmm4aCC5RdEilIN99VUld4HkFQuw+mvFg6darNBuQxyWSHZTtc25XgYjQrjsV05888w1grpaA==}
    cpu: [x64]
    os: [darwin]
    requiresBuild: true
    dev: true
    optional: true

  /turbo-darwin-arm64@2.3.3:
    resolution: {integrity: sha512-DYbQwa3NsAuWkCUYVzfOUBbSUBVQzH5HWUFy2Kgi3fGjIWVZOFk86ss+xsWu//rlEAfYwEmopigsPYSmW4X15A==}
    cpu: [arm64]
    os: [darwin]
    requiresBuild: true
    dev: true
    optional: true

  /turbo-linux-64@2.3.3:
    resolution: {integrity: sha512-eHj9OIB0dFaP6BxB88jSuaCLsOQSYWBgmhy2ErCu6D2GG6xW3b6e2UWHl/1Ho9FsTg4uVgo4DB9wGsKa5erjUA==}
    cpu: [x64]
    os: [linux]
    requiresBuild: true
    dev: true
    optional: true

  /turbo-linux-arm64@2.3.3:
    resolution: {integrity: sha512-NmDE/NjZoDj1UWBhMtOPmqFLEBKhzGS61KObfrDEbXvU3lekwHeoPvAMfcovzswzch+kN2DrtbNIlz+/rp8OCg==}
    cpu: [arm64]
    os: [linux]
    requiresBuild: true
    dev: true
    optional: true

  /turbo-windows-64@2.3.3:
    resolution: {integrity: sha512-O2+BS4QqjK3dOERscXqv7N2GXNcqHr9hXumkMxDj/oGx9oCatIwnnwx34UmzodloSnJpgSqjl8iRWiY65SmYoQ==}
    cpu: [x64]
    os: [win32]
    requiresBuild: true
    dev: true
    optional: true

  /turbo-windows-arm64@2.3.3:
    resolution: {integrity: sha512-dW4ZK1r6XLPNYLIKjC4o87HxYidtRRcBeo/hZ9Wng2XM/MqqYkAyzJXJGgRMsc0MMEN9z4+ZIfnSNBrA0b08ag==}
    cpu: [arm64]
    os: [win32]
    requiresBuild: true
    dev: true
    optional: true

  /turbo@2.3.3:
    resolution: {integrity: sha512-DUHWQAcC8BTiUZDRzAYGvpSpGLiaOQPfYXlCieQbwUvmml/LRGIe3raKdrOPOoiX0DYlzxs2nH6BoWJoZrj8hA==}
    hasBin: true
    optionalDependencies:
      turbo-darwin-64: 2.3.3
      turbo-darwin-arm64: 2.3.3
      turbo-linux-64: 2.3.3
      turbo-linux-arm64: 2.3.3
      turbo-windows-64: 2.3.3
      turbo-windows-arm64: 2.3.3
    dev: true

  /typescript@5.7.2:
    resolution: {integrity: sha512-i5t66RHxDvVN40HfDd1PsEThGNnlMCMT3jMUuoh9/0TaqWevNontacunWyN02LA9/fIbEWlcHZcgTKb9QoaLfg==}
    engines: {node: '>=14.17'}
    hasBin: true
    dev: true

  /undici-types@6.19.8:
    resolution: {integrity: sha512-ve2KP6f/JnbPBFyobGHuerC9g1FYGn/F8n1LWTwNxCEzd6IfqTwUQcNXgEtmmQ6DlRrC1hrSrBnCZPokRrDHjw==}
    dev: true
